
Microsoft Visual Studio Solution File, Format Version 11.00
# Visual Studio 2010
Project("{FAE04EC0-301F-11D3-BF4B-00C04F79EFBC}") = "Emotional-Tweets", "Emotional-Tweets.csproj", "{923D155C-D2CD-4A89-A508-889ECBDB4DD8}"
EndProject
Project("{FAE04EC0-301F-11D3-BF4B-00C04F79EFBC}") = "Emotional-Tweets-Core", "..\Emotional-Tweets-Core\Emotional-Tweets-Core.csproj", "{0DDA0F59-CA75-4357-8C30-AAC551064A54}"
EndProject
Project("{FAE04EC0-301F-11D3-BF4B-00C04F79EFBC}") = "Emotional-Tweets-Core-Tests", "..\Emotional-Tweets-Core-Tests\Emotional-Tweets-Core-Tests.csproj", "{BAD85D24-3998-416A-8604-0B9B7A1D7820}"
EndProject
Global
	GlobalSection(SolutionConfigurationPlatforms) = preSolution
		Debug|Any CPU = Debug|Any CPU
		Release|Any CPU = Release|Any CPU
	EndGlobalSection
	GlobalSection(ProjectConfigurationPlatforms) = postSolution
		{0DDA0F59-CA75-4357-8C30-AAC551064A54}.Debug|Any CPU.ActiveCfg = Debug|Any CPU
		{0DDA0F59-CA75-4357-8C30-AAC551064A54}.Debug|Any CPU.Build.0 = Debug|Any CPU
		{0DDA0F59-CA75-4357-8C30-AAC551064A54}.Release|Any CPU.ActiveCfg = Release|Any CPU
		{0DDA0F59-CA75-4357-8C30-AAC551064A54}.Release|Any CPU.Build.0 = Release|Any CPU
		{923D155C-D2CD-4A89-A508-889ECBDB4DD8}.Debug|Any CPU.ActiveCfg = Debug|Any CPU
		{923D155C-D2CD-4A89-A508-889ECBDB4DD8}.Debug|Any CPU.Build.0 = Debug|Any CPU
		{923D155C-D2CD-4A89-A508-889ECBDB4DD8}.Release|Any CPU.ActiveCfg = Release|Any CPU
		{923D155C-D2CD-4A89-A508-889ECBDB4DD8}.Release|Any CPU.Build.0 = Release|Any CPU
		{BAD85D24-3998-416A-8604-0B9B7A1D7820}.Debug|Any CPU.ActiveCfg = Debug|Any CPU
		{BAD85D24-3998-416A-8604-0B9B7A1D7820}.Debug|Any CPU.Build.0 = Debug|Any CPU
		{BAD85D24-3998-416A-8604-0B9B7A1D7820}.Release|Any CPU.ActiveCfg = Release|Any CPU
		{BAD85D24-3998-416A-8604-0B9B7A1D7820}.Release|Any CPU.Build.0 = Release|Any CPU
	EndGlobalSection
	GlobalSection(MonoDevelopProperties) = preSolution
		StartupItem = Emotional-Tweets.csproj
		Policies = $0
		$0.TextStylePolicy = $1
		$1.inheritsSet = null
		$1.scope = text/x-csharp
		$0.CSharpFormattingPolicy = $2
		$2.BeforeMethodDeclarationParentheses = False
		$2.AfterDelegateDeclarationParameterComma = True
		$2.inheritsSet = Mono
		$2.inheritsScope = text/x-csharp
		$2.scope = text/x-csharp
	EndGlobalSection
EndGlobal
